// !$*UTF8*$!
{
	archiveVersion = 1;
	classes = {
	};
	objectVersion = 70;
	objects = {

/* Begin PBXBuildFile section */
		0ECF2CA06D92D887E7ECDDB8 /* MainHomeView.swift in Sources */ = {isa = PBXBuildFile; fileRef = 1147DD06E709B71D5D9C92C9 /* MainHomeView.swift */; };
		1145280CA28F47FB67DB6ACC /* Sabdevi-Bold.ttf in Resources */ = {isa = PBXBuildFile; fileRef = 470BAE38F7D7788E552DFD6E /* Sabdevi-Bold.ttf */; };
		11B53125F3461B752866989E /* PrivacyInfo.xcprivacy in Resources */ = {isa = PBXBuildFile; fileRef = 333C834883214B3C464FDBC6 /* PrivacyInfo.xcprivacy */; };
		13B07FBF1A68108700A75B9A /* Images.xcassets in Resources */ = {isa = PBXBuildFile; fileRef = 13B07FB51A68108700A75B9A /* Images.xcassets */; };
		148D6DE1ED51918B5327ECEA /* TimeProgressApp.swift in Sources */ = {isa = PBXBuildFile; fileRef = 3C7A8567590A035A85C9C00D /* TimeProgressApp.swift */; };
		1F5465377762A3FC9CE51953 /* OnboardingView.swift in Sources */ = {isa = PBXBuildFile; fileRef = 577D4748063ABA7293641A1B /* OnboardingView.swift */; };
		2B50D0AC3E27805DAA8F4202 /* Sabdevi-Light.ttf in Resources */ = {isa = PBXBuildFile; fileRef = 1FE1B75F540707260C838A6B /* Sabdevi-Light.ttf */; };
		2D7050A93CABCD6108D8642D /* libPods-TimeProgressTracker.a in Frameworks */ = {isa = PBXBuildFile; fileRef = FCEE18C3271A854EB0FB3A34 /* libPods-TimeProgressTracker.a */; };
		2EF574CC1BE540761866E262 /* AnimatedHeaderView.swift in Sources */ = {isa = PBXBuildFile; fileRef = C2E9F189A804124F44112518 /* AnimatedHeaderView.swift */; };
		3E461D99554A48A4959DE609 /* SplashScreen.storyboard in Resources */ = {isa = PBXBuildFile; fileRef = AA286B85B6C04FC6940260E9 /* SplashScreen.storyboard */; };
		479775CBEFB3D42855267D86 /* AppDelegate.swift in Sources */ = {isa = PBXBuildFile; fileRef = FAA3F4C41C103D266854A232 /* AppDelegate.swift */; };
		601E89E13DD47C6E15F5EA92 /* cloud-2.svg in Resources */ = {isa = PBXBuildFile; fileRef = 6246322E732A66493BA99AE8 /* cloud-2.svg */; };
		61509038B3B40E05F9519E7E /* cloud-1.svg in Resources */ = {isa = PBXBuildFile; fileRef = 2D137B90207C6DE7BC0F099B /* cloud-1.svg */; };
		69F444863957225E8EF47CE3 /* ExpoModulesProvider.swift in Sources */ = {isa = PBXBuildFile; fileRef = 78E103B4F2355780BCA07371 /* ExpoModulesProvider.swift */; };
		7AA33B6E2EDC228500BC3033 /* WidgetKit.framework in Frameworks */ = {isa = PBXBuildFile; fileRef = 7AA33B6D2EDC228500BC3033 /* WidgetKit.framework */; };
		7AA33B702EDC228500BC3033 /* SwiftUI.framework in Frameworks */ = {isa = PBXBuildFile; fileRef = 7AA33B6F2EDC228500BC3033 /* SwiftUI.framework */; };
		7AA33B812EDC228700BC3033 /* TimeLeftTrackerWidgetExtension.appex in Embed Foundation Extensions */ = {isa = PBXBuildFile; fileRef = 7AA33B6C2EDC228500BC3033 /* TimeLeftTrackerWidgetExtension.appex */; settings = {ATTRIBUTES = (RemoveHeadersOnCopy, ); }; };
		7AA33BD12EDD6C1B00BC3033 /* Sabdevi-Bold.ttf in Resources */ = {isa = PBXBuildFile; fileRef = 470BAE38F7D7788E552DFD6E /* Sabdevi-Bold.ttf */; };
		7AA33BD22EDD6C1B00BC3033 /* Sabdevi-Light.ttf in Resources */ = {isa = PBXBuildFile; fileRef = 1FE1B75F540707260C838A6B /* Sabdevi-Light.ttf */; };
		7AA33BD32EDD6C1B00BC3033 /* Sabdevi-Regular.ttf in Resources */ = {isa = PBXBuildFile; fileRef = 45AF898BFAF831A25031C0F0 /* Sabdevi-Regular.ttf */; };
		9238BA4AFEAF8595BA53F736 /* Sabdevi-Regular.ttf in Resources */ = {isa = PBXBuildFile; fileRef = 45AF898BFAF831A25031C0F0 /* Sabdevi-Regular.ttf */; };
		9F64348A38BE579216B33909 /* CustomEventTallyView.swift in Sources */ = {isa = PBXBuildFile; fileRef = 7505302E61828393C7520B34 /* CustomEventTallyView.swift */; };
		AE16AE9B92E205D091602468 /* CustomEvent.swift in Sources */ = {isa = PBXBuildFile; fileRef = A09556F403503875A3D4A47D /* CustomEvent.swift */; };
		B34BD3B98B4E7AF4398FA7FD /* SettingsView.swift in Sources */ = {isa = PBXBuildFile; fileRef = 12DC321E4BBF9709C97068B6 /* SettingsView.swift */; };
		B4A978687A910B084BE58934 /* TimeCalculator.swift in Sources */ = {isa = PBXBuildFile; fileRef = 9B01DEAC63BB3C3C03B5FDD4 /* TimeCalculator.swift */; };
		B8069A65FB8E4B3B308C2DBB /* sun.svg in Resources */ = {isa = PBXBuildFile; fileRef = 399832AEC6BA23C7D21F5A74 /* sun.svg */; };
		BB2F792D24A3F905000567C9 /* Expo.plist in Resources */ = {isa = PBXBuildFile; fileRef = BB2F792C24A3F905000567C9 /* Expo.plist */; };
		BC4D29E046A64DA78B19A6C4 /* FontHelper.swift in Sources */ = {isa = PBXBuildFile; fileRef = 77712E2F85D69CE0A85CDD08 /* FontHelper.swift */; };
		BE6861EB9C49AA057C137C7A /* AddCustomEventView.swift in Sources */ = {isa = PBXBuildFile; fileRef = 9265E2AFF50DC7D2623411C0 /* AddCustomEventView.swift */; };
		C687A93299959AD487552FB6 /* ContentView.swift in Sources */ = {isa = PBXBuildFile; fileRef = 20537397C54D6146315D061C /* ContentView.swift */; };
		CE4B06017728E891109E9D00 /* LoadingView.swift in Sources */ = {isa = PBXBuildFile; fileRef = 22C3B32138009F241E20E2C1 /* LoadingView.swift */; };
		E00ADA06E2700DCECBFF448F /* cloud-3.svg in Resources */ = {isa = PBXBuildFile; fileRef = 0D6478ECF00CE9570D133955 /* cloud-3.svg */; };
		F11748422D0307B40044C1D9 /* AppDelegate.swift in Sources */ = {isa = PBXBuildFile; fileRef = F11748412D0307B40044C1D9 /* AppDelegate.swift */; };
/* End PBXBuildFile section */

/* Begin PBXContainerItemProxy section */
		7AA33B7F2EDC228700BC3033 /* PBXContainerItemProxy */ = {
			isa = PBXContainerItemProxy;
			containerPortal = 83CBB9F71A601CBA00E9B192 /* Project object */;
			proxyType = 1;
			remoteGlobalIDString = 7AA33B6B2EDC228500BC3033;
			remoteInfo = TimeLeftTrackerWidgetExtension;
		};
/* End PBXContainerItemProxy section */

/* Begin PBXCopyFilesBuildPhase section */
		7AA33B822EDC228700BC3033 /* Embed Foundation Extensions */ = {
			isa = PBXCopyFilesBuildPhase;
			buildActionMask = 2147483647;
			dstPath = "";
			dstSubfolderSpec = 13;
			files = (
				7AA33B812EDC228700BC3033 /* TimeLeftTrackerWidgetExtension.appex in Embed Foundation Extensions */,
			);
			name = "Embed Foundation Extensions";
			runOnlyForDeploymentPostprocessing = 0;
		};
/* End PBXCopyFilesBuildPhase section */

/* Begin PBXFileReference section */
		06D7D43D10461F3E873BED98 /* OnboardingView.swift */ = {isa = PBXFileReference; includeInIndex = 1; lastKnownFileType = sourcecode.swift; name = OnboardingView.swift; path = TimeProgressTracker/OnboardingView.swift; sourceTree = "<group>"; };
		0D6478ECF00CE9570D133955 /* cloud-3.svg */ = {isa = PBXFileReference; includeInIndex = 1; lastKnownFileType = text; name = "cloud-3.svg"; path = "TimeProgressTracker/Assets/cloud-3.svg"; sourceTree = "<group>"; };
		1147DD06E709B71D5D9C92C9 /* MainHomeView.swift */ = {isa = PBXFileReference; includeInIndex = 1; lastKnownFileType = sourcecode.swift; name = MainHomeView.swift; path = TimeProgressTracker/MainHomeView.swift; sourceTree = "<group>"; };
		12DC321E4BBF9709C97068B6 /* SettingsView.swift */ = {isa = PBXFileReference; includeInIndex = 1; lastKnownFileType = sourcecode.swift; name = SettingsView.swift; path = TimeProgressTracker/SettingsView.swift; sourceTree = "<group>"; };
		13B07F961A680F5B00A75B9A /* TimeProgressTracker.app */ = {isa = PBXFileReference; explicitFileType = wrapper.application; includeInIndex = 0; path = TimeProgressTracker.app; sourceTree = BUILT_PRODUCTS_DIR; };
		13B07FB51A68108700A75B9A /* Images.xcassets */ = {isa = PBXFileReference; lastKnownFileType = folder.assetcatalog; name = Images.xcassets; path = TimeProgressTracker/Images.xcassets; sourceTree = "<group>"; };
		13B07FB61A68108700A75B9A /* Info.plist */ = {isa = PBXFileReference; fileEncoding = 4; lastKnownFileType = text.plist.xml; name = Info.plist; path = TimeProgressTracker/Info.plist; sourceTree = "<group>"; };
		1EF04F8C6EC47C5D46823598 /* CustomEvent.swift */ = {isa = PBXFileReference; includeInIndex = 1; lastKnownFileType = sourcecode.swift; name = CustomEvent.swift; path = TimeProgressTracker/CustomEvent.swift; sourceTree = "<group>"; };
		1FE1B75F540707260C838A6B /* Sabdevi-Light.ttf */ = {isa = PBXFileReference; includeInIndex = 1; lastKnownFileType = file; name = "Sabdevi-Light.ttf"; path = "TimeProgressTracker/Assets/Fonts/Sabdevi-Light.ttf"; sourceTree = "<group>"; };
		20537397C54D6146315D061C /* ContentView.swift */ = {isa = PBXFileReference; includeInIndex = 1; lastKnownFileType = sourcecode.swift; name = ContentView.swift; path = TimeProgressTracker/ContentView.swift; sourceTree = "<group>"; };
		22C3B32138009F241E20E2C1 /* LoadingView.swift */ = {isa = PBXFileReference; includeInIndex = 1; lastKnownFileType = sourcecode.swift; name = LoadingView.swift; path = TimeProgressTracker/LoadingView.swift; sourceTree = "<group>"; };
		28E3D207F526638775CE74C1 /* TimeCalculator.swift */ = {isa = PBXFileReference; includeInIndex = 1; lastKnownFileType = sourcecode.swift; name = TimeCalculator.swift; path = TimeProgressTracker/TimeCalculator.swift; sourceTree = "<group>"; };
		2D137B90207C6DE7BC0F099B /* cloud-1.svg */ = {isa = PBXFileReference; includeInIndex = 1; lastKnownFileType = text; name = "cloud-1.svg"; path = "TimeProgressTracker/Assets/cloud-1.svg"; sourceTree = "<group>"; };
		333C834883214B3C464FDBC6 /* PrivacyInfo.xcprivacy */ = {isa = PBXFileReference; includeInIndex = 1; lastKnownFileType = text.xml; name = PrivacyInfo.xcprivacy; path = TimeProgressTracker/PrivacyInfo.xcprivacy; sourceTree = "<group>"; };
		399832AEC6BA23C7D21F5A74 /* sun.svg */ = {isa = PBXFileReference; includeInIndex = 1; lastKnownFileType = text; name = sun.svg; path = TimeProgressTracker/Assets/sun.svg; sourceTree = "<group>"; };
		3C7A8567590A035A85C9C00D /* TimeProgressApp.swift */ = {isa = PBXFileReference; includeInIndex = 1; lastKnownFileType = sourcecode.swift; name = TimeProgressApp.swift; path = TimeProgressTracker/TimeProgressApp.swift; sourceTree = "<group>"; };
		45AF898BFAF831A25031C0F0 /* Sabdevi-Regular.ttf */ = {isa = PBXFileReference; includeInIndex = 1; lastKnownFileType = file; name = "Sabdevi-Regular.ttf"; path = "TimeProgressTracker/Assets/Fonts/Sabdevi-Regular.ttf"; sourceTree = "<group>"; };
		470BAE38F7D7788E552DFD6E /* Sabdevi-Bold.ttf */ = {isa = PBXFileReference; includeInIndex = 1; lastKnownFileType = file; name = "Sabdevi-Bold.ttf"; path = "TimeProgressTracker/Assets/Fonts/Sabdevi-Bold.ttf"; sourceTree = "<group>"; };
		577D4748063ABA7293641A1B /* OnboardingView.swift */ = {isa = PBXFileReference; includeInIndex = 1; lastKnownFileType = sourcecode.swift; name = OnboardingView.swift; path = TimeProgressTracker/OnboardingView.swift; sourceTree = "<group>"; };
		60BA6D8620AF9177F6591F44 /* TimeProgressApp.swift */ = {isa = PBXFileReference; includeInIndex = 1; lastKnownFileType = sourcecode.swift; name = TimeProgressApp.swift; path = TimeProgressTracker/TimeProgressApp.swift; sourceTree = "<group>"; };
		6246322E732A66493BA99AE8 /* cloud-2.svg */ = {isa = PBXFileReference; includeInIndex = 1; lastKnownFileType = text; name = "cloud-2.svg"; path = "TimeProgressTracker/Assets/cloud-2.svg"; sourceTree = "<group>"; };
		6A959DA4F199F0879DB17A8B /* Pods-TimeProgressTracker.release.xcconfig */ = {isa = PBXFileReference; includeInIndex = 1; lastKnownFileType = text.xcconfig; name = "Pods-TimeProgressTracker.release.xcconfig"; path = "Target Support Files/Pods-TimeProgressTracker/Pods-TimeProgressTracker.release.xcconfig"; sourceTree = "<group>"; };
		7505302E61828393C7520B34 /* CustomEventTallyView.swift */ = {isa = PBXFileReference; includeInIndex = 1; lastKnownFileType = sourcecode.swift; name = CustomEventTallyView.swift; path = TimeProgressTracker/CustomEventTallyView.swift; sourceTree = "<group>"; };
		77712E2F85D69CE0A85CDD08 /* FontHelper.swift */ = {isa = PBXFileReference; includeInIndex = 1; lastKnownFileType = sourcecode.swift; name = FontHelper.swift; path = TimeProgressTracker/FontHelper.swift; sourceTree = "<group>"; };
		78E103B4F2355780BCA07371 /* ExpoModulesProvider.swift */ = {isa = PBXFileReference; includeInIndex = 1; lastKnownFileType = sourcecode.swift; name = ExpoModulesProvider.swift; path = "Pods/Target Support Files/Pods-TimeProgressTracker/ExpoModulesProvider.swift"; sourceTree = "<group>"; };
		7AA33B6C2EDC228500BC3033 /* TimeLeftTrackerWidgetExtension.appex */ = {isa = PBXFileReference; explicitFileType = "wrapper.app-extension"; includeInIndex = 0; path = TimeLeftTrackerWidgetExtension.appex; sourceTree = BUILT_PRODUCTS_DIR; };
		7AA33B6D2EDC228500BC3033 /* WidgetKit.framework */ = {isa = PBXFileReference; lastKnownFileType = wrapper.framework; name = WidgetKit.framework; path = System/Library/Frameworks/WidgetKit.framework; sourceTree = SDKROOT; };
		7AA33B6F2EDC228500BC3033 /* SwiftUI.framework */ = {isa = PBXFileReference; lastKnownFileType = wrapper.framework; name = SwiftUI.framework; path = System/Library/Frameworks/SwiftUI.framework; sourceTree = SDKROOT; };
		7AA33B8A2EDC245F00BC3033 /* TimeLeftTrackerWidgetExtension.entitlements */ = {isa = PBXFileReference; lastKnownFileType = text.plist.entitlements; path = TimeLeftTrackerWidgetExtension.entitlements; sourceTree = "<group>"; };
		8EA92CED84812E25E4849609 /* Pods-TimeProgressTracker.debug.xcconfig */ = {isa = PBXFileReference; includeInIndex = 1; lastKnownFileType = text.xcconfig; name = "Pods-TimeProgressTracker.debug.xcconfig"; path = "Target Support Files/Pods-TimeProgressTracker/Pods-TimeProgressTracker.debug.xcconfig"; sourceTree = "<group>"; };
		9265E2AFF50DC7D2623411C0 /* AddCustomEventView.swift */ = {isa = PBXFileReference; includeInIndex = 1; lastKnownFileType = sourcecode.swift; name = AddCustomEventView.swift; path = TimeProgressTracker/AddCustomEventView.swift; sourceTree = "<group>"; };
		9B01DEAC63BB3C3C03B5FDD4 /* TimeCalculator.swift */ = {isa = PBXFileReference; includeInIndex = 1; lastKnownFileType = sourcecode.swift; name = TimeCalculator.swift; path = TimeProgressTracker/TimeCalculator.swift; sourceTree = "<group>"; };
		A09556F403503875A3D4A47D /* CustomEvent.swift */ = {isa = PBXFileReference; includeInIndex = 1; lastKnownFileType = sourcecode.swift; name = CustomEvent.swift; path = TimeProgressTracker/CustomEvent.swift; sourceTree = "<group>"; };
		AA286B85B6C04FC6940260E9 /* SplashScreen.storyboard */ = {isa = PBXFileReference; fileEncoding = 4; lastKnownFileType = file.storyboard; name = SplashScreen.storyboard; path = TimeProgressTracker/SplashScreen.storyboard; sourceTree = "<group>"; };
		AC653398BF19E80AC69123C4 /* MainHomeView.swift */ = {isa = PBXFileReference; includeInIndex = 1; lastKnownFileType = sourcecode.swift; name = MainHomeView.swift; path = TimeProgressTracker/MainHomeView.swift; sourceTree = "<group>"; };
		BB2F792C24A3F905000567C9 /* Expo.plist */ = {isa = PBXFileReference; fileEncoding = 4; lastKnownFileType = text.plist.xml; path = Expo.plist; sourceTree = "<group>"; };
		C2E9F189A804124F44112518 /* AnimatedHeaderView.swift */ = {isa = PBXFileReference; includeInIndex = 1; lastKnownFileType = sourcecode.swift; name = AnimatedHeaderView.swift; path = TimeProgressTracker/AnimatedHeaderView.swift; sourceTree = "<group>"; };
		C3CD501F15C2A2F4BA116DBC /* CustomEventTallyView.swift */ = {isa = PBXFileReference; includeInIndex = 1; lastKnownFileType = sourcecode.swift; name = CustomEventTallyView.swift; path = TimeProgressTracker/CustomEventTallyView.swift; sourceTree = "<group>"; };
		E2426D47112ED64156CFD3F1 /* SettingsView.swift */ = {isa = PBXFileReference; includeInIndex = 1; lastKnownFileType = sourcecode.swift; name = SettingsView.swift; path = TimeProgressTracker/SettingsView.swift; sourceTree = "<group>"; };
		EAD600FA0E1BF0A42B70782F /* ContentView.swift */ = {isa = PBXFileReference; includeInIndex = 1; lastKnownFileType = sourcecode.swift; name = ContentView.swift; path = TimeProgressTracker/ContentView.swift; sourceTree = "<group>"; };
		ED297162215061F000B7C4FE /* JavaScriptCore.framework */ = {isa = PBXFileReference; lastKnownFileType = wrapper.framework; name = JavaScriptCore.framework; path = System/Library/Frameworks/JavaScriptCore.framework; sourceTree = SDKROOT; };
		F11748412D0307B40044C1D9 /* AppDelegate.swift */ = {isa = PBXFileReference; lastKnownFileType = sourcecode.swift; name = AppDelegate.swift; path = TimeProgressTracker/AppDelegate.swift; sourceTree = "<group>"; };
		F11748442D0722820044C1D9 /* TimeProgressTracker-Bridging-Header.h */ = {isa = PBXFileReference; lastKnownFileType = sourcecode.c.h; name = "TimeProgressTracker-Bridging-Header.h"; path = "TimeProgressTracker/TimeProgressTracker-Bridging-Header.h"; sourceTree = "<group>"; };
		FAA3F4C41C103D266854A232 /* AppDelegate.swift */ = {isa = PBXFileReference; includeInIndex = 1; lastKnownFileType = sourcecode.swift; name = AppDelegate.swift; path = TimeProgressTracker/AppDelegate.swift; sourceTree = "<group>"; };
		FC0E35D81B73003266E89B7B /* FontHelper.swift */ = {isa = PBXFileReference; includeInIndex = 1; lastKnownFileType = sourcecode.swift; name = FontHelper.swift; path = TimeProgressTracker/FontHelper.swift; sourceTree = "<group>"; };
		FCEE18C3271A854EB0FB3A34 /* libPods-TimeProgressTracker.a */ = {isa = PBXFileReference; explicitFileType = archive.ar; includeInIndex = 0; path = "libPods-TimeProgressTracker.a"; sourceTree = BUILT_PRODUCTS_DIR; };
/* End PBXFileReference section */

/* Begin PBXFileSystemSynchronizedBuildFileExceptionSet section */
		7AA33B852EDC228700BC3033 /* PBXFileSystemSynchronizedBuildFileExceptionSet */ = {
			isa = PBXFileSystemSynchronizedBuildFileExceptionSet;
			membershipExceptions = (
				Info.plist,
			);
			target = 7AA33B6B2EDC228500BC3033 /* TimeLeftTrackerWidgetExtension */;
		};
/* End PBXFileSystemSynchronizedBuildFileExceptionSet section */

/* Begin PBXFileSystemSynchronizedRootGroup section */
		7AA33B712EDC228500BC3033 /* TimeLeftTrackerWidget */ = {isa = PBXFileSystemSynchronizedRootGroup; exceptions = (7AA33B852EDC228700BC3033 /* PBXFileSystemSynchronizedBuildFileExceptionSet */, ); explicitFileTypes = {}; explicitFolders = (); path = TimeLeftTrackerWidget; sourceTree = "<group>"; };
/* End PBXFileSystemSynchronizedRootGroup section */

/* Begin PBXFrameworksBuildPhase section */
		13B07F8C1A680F5B00A75B9A /* Frameworks */ = {
			isa = PBXFrameworksBuildPhase;
			buildActionMask = 2147483647;
			files = (
				2D7050A93CABCD6108D8642D /* libPods-TimeProgressTracker.a in Frameworks */,
			);
			runOnlyForDeploymentPostprocessing = 0;
		};
		7AA33B692EDC228500BC3033 /* Frameworks */ = {
			isa = PBXFrameworksBuildPhase;
			buildActionMask = 2147483647;
			files = (
				7AA33B702EDC228500BC3033 /* SwiftUI.framework in Frameworks */,
				7AA33B6E2EDC228500BC3033 /* WidgetKit.framework in Frameworks */,
			);
			runOnlyForDeploymentPostprocessing = 0;
		};
/* End PBXFrameworksBuildPhase section */

/* Begin PBXGroup section */
		13B07FAE1A68108700A75B9A /* TimeProgressTracker */ = {
			isa = PBXGroup;
			children = (
				F11748412D0307B40044C1D9 /* AppDelegate.swift */,
				F11748442D0722820044C1D9 /* TimeProgressTracker-Bridging-Header.h */,
				BB2F792B24A3F905000567C9 /* Supporting */,
				13B07FB51A68108700A75B9A /* Images.xcassets */,
				13B07FB61A68108700A75B9A /* Info.plist */,
				AA286B85B6C04FC6940260E9 /* SplashScreen.storyboard */,
				333C834883214B3C464FDBC6 /* PrivacyInfo.xcprivacy */,
				3C7A8567590A035A85C9C00D /* TimeProgressApp.swift */,
				20537397C54D6146315D061C /* ContentView.swift */,
				1147DD06E709B71D5D9C92C9 /* MainHomeView.swift */,
				12DC321E4BBF9709C97068B6 /* SettingsView.swift */,
				577D4748063ABA7293641A1B /* OnboardingView.swift */,
				9B01DEAC63BB3C3C03B5FDD4 /* TimeCalculator.swift */,
				A09556F403503875A3D4A47D /* CustomEvent.swift */,
				7505302E61828393C7520B34 /* CustomEventTallyView.swift */,
				77712E2F85D69CE0A85CDD08 /* FontHelper.swift */,
				FAA3F4C41C103D266854A232 /* AppDelegate.swift */,
				EAD600FA0E1BF0A42B70782F /* ContentView.swift */,
				1EF04F8C6EC47C5D46823598 /* CustomEvent.swift */,
				C3CD501F15C2A2F4BA116DBC /* CustomEventTallyView.swift */,
				FC0E35D81B73003266E89B7B /* FontHelper.swift */,
				AC653398BF19E80AC69123C4 /* MainHomeView.swift */,
				06D7D43D10461F3E873BED98 /* OnboardingView.swift */,
				E2426D47112ED64156CFD3F1 /* SettingsView.swift */,
				28E3D207F526638775CE74C1 /* TimeCalculator.swift */,
				60BA6D8620AF9177F6591F44 /* TimeProgressApp.swift */,
				C2E9F189A804124F44112518 /* AnimatedHeaderView.swift */,
				22C3B32138009F241E20E2C1 /* LoadingView.swift */,
				9265E2AFF50DC7D2623411C0 /* AddCustomEventView.swift */,
				F169ECCAEDAFEE8198E722BC /* Assets */,
			);
			name = TimeProgressTracker;
			sourceTree = "<group>";
		};
		2D16E6871FA4F8E400B85C8A /* Frameworks */ = {
			isa = PBXGroup;
			children = (
				ED297162215061F000B7C4FE /* JavaScriptCore.framework */,
				FCEE18C3271A854EB0FB3A34 /* libPods-TimeProgressTracker.a */,
				7AA33B6D2EDC228500BC3033 /* WidgetKit.framework */,
				7AA33B6F2EDC228500BC3033 /* SwiftUI.framework */,
			);
			name = Frameworks;
			sourceTree = "<group>";
		};
		832341AE1AAA6A7D00B99B32 /* Libraries */ = {
			isa = PBXGroup;
			children = (
			);
			name = Libraries;
			sourceTree = "<group>";
		};
		83CBB9F61A601CBA00E9B192 = {
			isa = PBXGroup;
			children = (
				7AA33B8A2EDC245F00BC3033 /* TimeLeftTrackerWidgetExtension.entitlements */,
				13B07FAE1A68108700A75B9A /* TimeProgressTracker */,
				832341AE1AAA6A7D00B99B32 /* Libraries */,
				7AA33B712EDC228500BC3033 /* TimeLeftTrackerWidget */,
				83CBBA001A601CBA00E9B192 /* Products */,
				2D16E6871FA4F8E400B85C8A /* Frameworks */,
				B96416ABC3EF00C6D8CBFC15 /* Pods */,
				DD2E04FEE14ADB1FBB4F1E6D /* ExpoModulesProviders */,
			);
			indentWidth = 2;
			sourceTree = "<group>";
			tabWidth = 2;
			usesTabs = 0;
		};
		83CBBA001A601CBA00E9B192 /* Products */ = {
			isa = PBXGroup;
			children = (
				13B07F961A680F5B00A75B9A /* TimeProgressTracker.app */,
				7AA33B6C2EDC228500BC3033 /* TimeLeftTrackerWidgetExtension.appex */,
			);
			name = Products;
			sourceTree = "<group>";
		};
		B2D0AD89ADAB8A50B0754F4D /* TimeProgressTracker */ = {
			isa = PBXGroup;
			children = (
				78E103B4F2355780BCA07371 /* ExpoModulesProvider.swift */,
			);
			name = TimeProgressTracker;
			sourceTree = "<group>";
		};
		B96416ABC3EF00C6D8CBFC15 /* Pods */ = {
			isa = PBXGroup;
			children = (
				8EA92CED84812E25E4849609 /* Pods-TimeProgressTracker.debug.xcconfig */,
				6A959DA4F199F0879DB17A8B /* Pods-TimeProgressTracker.release.xcconfig */,
			);
			path = Pods;
			sourceTree = "<group>";
		};
		BB2F792B24A3F905000567C9 /* Supporting */ = {
			isa = PBXGroup;
			children = (
				BB2F792C24A3F905000567C9 /* Expo.plist */,
			);
			name = Supporting;
			path = TimeProgressTracker/Supporting;
			sourceTree = "<group>";
		};
		DD2E04FEE14ADB1FBB4F1E6D /* ExpoModulesProviders */ = {
			isa = PBXGroup;
			children = (
				B2D0AD89ADAB8A50B0754F4D /* TimeProgressTracker */,
			);
			name = ExpoModulesProviders;
			sourceTree = "<group>";
		};
		DD5A8399141E3F12160214F1 /* Fonts */ = {
			isa = PBXGroup;
			children = (
				45AF898BFAF831A25031C0F0 /* Sabdevi-Regular.ttf */,
				470BAE38F7D7788E552DFD6E /* Sabdevi-Bold.ttf */,
				1FE1B75F540707260C838A6B /* Sabdevi-Light.ttf */,
			);
			name = Fonts;
			sourceTree = "<group>";
		};
		F169ECCAEDAFEE8198E722BC /* Assets */ = {
			isa = PBXGroup;
			children = (
				2D137B90207C6DE7BC0F099B /* cloud-1.svg */,
				6246322E732A66493BA99AE8 /* cloud-2.svg */,
				0D6478ECF00CE9570D133955 /* cloud-3.svg */,
				399832AEC6BA23C7D21F5A74 /* sun.svg */,
				DD5A8399141E3F12160214F1 /* Fonts */,
			);
			name = Assets;
			sourceTree = "<group>";
		};
/* End PBXGroup section */

/* Begin PBXNativeTarget section */
		13B07F861A680F5B00A75B9A /* TimeProgressTracker */ = {
			isa = PBXNativeTarget;
			buildConfigurationList = 13B07F931A680F5B00A75B9A /* Build configuration list for PBXNativeTarget "TimeProgressTracker" */;
			buildPhases = (
				08A4A3CD28434E44B6B9DE2E /* [CP] Check Pods Manifest.lock */,
				222ACC61A76C8690EFF843AB /* [Expo] Configure project */,
				13B07F871A680F5B00A75B9A /* Sources */,
				13B07F8C1A680F5B00A75B9A /* Frameworks */,
				13B07F8E1A680F5B00A75B9A /* Resources */,
				00DD1BFF1BD5951E006B06BC /* Bundle React Native code and images */,
				800E24972A6A228C8D4807E9 /* [CP] Copy Pods Resources */,
				505A43432F56C69692CA3711 /* [CP] Embed Pods Frameworks */,
				7AA33B822EDC228700BC3033 /* Embed Foundation Extensions */,
			);
			buildRules = (
			);
			dependencies = (
				7AA33B802EDC228700BC3033 /* PBXTargetDependency */,
			);
			name = TimeProgressTracker;
			productName = TimeProgressTracker;
			productReference = 13B07F961A680F5B00A75B9A /* TimeProgressTracker.app */;
			productType = "com.apple.product-type.application";
		};
		7AA33B6B2EDC228500BC3033 /* TimeLeftTrackerWidgetExtension */ = {
			isa = PBXNativeTarget;
			buildConfigurationList = 7AA33B862EDC228700BC3033 /* Build configuration list for PBXNativeTarget "TimeLeftTrackerWidgetExtension" */;
			buildPhases = (
				7AA33B682EDC228500BC3033 /* Sources */,
				7AA33B692EDC228500BC3033 /* Frameworks */,
				7AA33B6A2EDC228500BC3033 /* Resources */,
			);
			buildRules = (
			);
			dependencies = (
			);
			fileSystemSynchronizedGroups = (
				7AA33B712EDC228500BC3033 /* TimeLeftTrackerWidget */,
			);
			name = TimeLeftTrackerWidgetExtension;
			packageProductDependencies = (
			);
			productName = TimeLeftTrackerWidgetExtension;
			productReference = 7AA33B6C2EDC228500BC3033 /* TimeLeftTrackerWidgetExtension.appex */;
			productType = "com.apple.product-type.app-extension";
		};
/* End PBXNativeTarget section */

/* Begin PBXProject section */
		83CBB9F71A601CBA00E9B192 /* Project object */ = {
			isa = PBXProject;
			attributes = {
				LastSwiftUpdateCheck = 1640;
				LastUpgradeCheck = 1130;
				TargetAttributes = {
					13B07F861A680F5B00A75B9A = {
						LastSwiftMigration = 1250;
					};
					7AA33B6B2EDC228500BC3033 = {
						CreatedOnToolsVersion = 16.4;
					};
				};
			};
			buildConfigurationList = 83CBB9FA1A601CBA00E9B192 /* Build configuration list for PBXProject "TimeProgressTracker" */;
			compatibilityVersion = "Xcode 3.2";
			developmentRegion = en;
			hasScannedForEncodings = 0;
			knownRegions = (
				en,
				Base,
			);
			mainGroup = 83CBB9F61A601CBA00E9B192;
			productRefGroup = 83CBBA001A601CBA00E9B192 /* Products */;
			projectDirPath = "";
			projectRoot = "";
			targets = (
				13B07F861A680F5B00A75B9A /* TimeProgressTracker */,
				7AA33B6B2EDC228500BC3033 /* TimeLeftTrackerWidgetExtension */,
			);
		};
/* End PBXProject section */

/* Begin PBXResourcesBuildPhase section */
		13B07F8E1A680F5B00A75B9A /* Resources */ = {
			isa = PBXResourcesBuildPhase;
			buildActionMask = 2147483647;
			files = (
				BB2F792D24A3F905000567C9 /* Expo.plist in Resources */,
				13B07FBF1A68108700A75B9A /* Images.xcassets in Resources */,
				3E461D99554A48A4959DE609 /* SplashScreen.storyboard in Resources */,
				11B53125F3461B752866989E /* PrivacyInfo.xcprivacy in Resources */,
				61509038B3B40E05F9519E7E /* cloud-1.svg in Resources */,
				601E89E13DD47C6E15F5EA92 /* cloud-2.svg in Resources */,
				E00ADA06E2700DCECBFF448F /* cloud-3.svg in Resources */,
				B8069A65FB8E4B3B308C2DBB /* sun.svg in Resources */,
				9238BA4AFEAF8595BA53F736 /* Sabdevi-Regular.ttf in Resources */,
				1145280CA28F47FB67DB6ACC /* Sabdevi-Bold.ttf in Resources */,
				2B50D0AC3E27805DAA8F4202 /* Sabdevi-Light.ttf in Resources */,
			);
			runOnlyForDeploymentPostprocessing = 0;
		};
		7AA33B6A2EDC228500BC3033 /* Resources */ = {
			isa = PBXResourcesBuildPhase;
			buildActionMask = 2147483647;
			files = (
				7AA33BD12EDD6C1B00BC3033 /* Sabdevi-Bold.ttf in Resources */,
				7AA33BD22EDD6C1B00BC3033 /* Sabdevi-Light.ttf in Resources */,
				7AA33BD32EDD6C1B00BC3033 /* Sabdevi-Regular.ttf in Resources */,
			);
			runOnlyForDeploymentPostprocessing = 0;
		};
/* End PBXResourcesBuildPhase section */

/* Begin PBXShellScriptBuildPhase section */
		00DD1BFF1BD5951E006B06BC /* Bundle React Native code and images */ = {
			isa = PBXShellScriptBuildPhase;
			alwaysOutOfDate = 1;
			buildActionMask = 2147483647;
			files = (
			);
			inputPaths = (
				"$(SRCROOT)/.xcode.env",
				"$(SRCROOT)/.xcode.env.local",
			);
			name = "Bundle React Native code and images";
			outputPaths = (
			);
			runOnlyForDeploymentPostprocessing = 0;
			shellPath = /bin/sh;
			shellScript = "if [[ -f \"$PODS_ROOT/../.xcode.env\" ]]; then\n  source \"$PODS_ROOT/../.xcode.env\"\nfi\nif [[ -f \"$PODS_ROOT/../.xcode.env.local\" ]]; then\n  source \"$PODS_ROOT/../.xcode.env.local\"\nfi\n\n# The project root by default is one level up from the ios directory\nexport PROJECT_ROOT=\"$PROJECT_DIR\"/..\n\nif [[ \"$CONFIGURATION\" = *Debug* ]]; then\n  export SKIP_BUNDLING=1\nfi\nif [[ -z \"$ENTRY_FILE\" ]]; then\n  # Set the entry JS file using the bundler's entry resolution.\n  export ENTRY_FILE=\"$(\"$NODE_BINARY\" -e \"require('expo/scripts/resolveAppEntry')\" \"$PROJECT_ROOT\" ios absolute | tail -n 1)\"\nfi\n\nif [[ -z \"$CLI_PATH\" ]]; then\n  # Use Expo CLI\n  export CLI_PATH=\"$(\"$NODE_BINARY\" --print \"require.resolve('@expo/cli', { paths: [require.resolve('expo/package.json')] })\")\"\nfi\nif [[ -z \"$BUNDLE_COMMAND\" ]]; then\n  # Default Expo CLI command for bundling\n  export BUNDLE_COMMAND=\"export:embed\"\nfi\n\n# Source .xcode.env.updates if it exists to allow\n# SKIP_BUNDLING to be unset if needed\nif [[ -f \"$PODS_ROOT/../.xcode.env.updates\" ]]; then\n  source \"$PODS_ROOT/../.xcode.env.updates\"\nfi\n# Source local changes to allow overrides\n# if needed\nif [[ -f \"$PODS_ROOT/../.xcode.env.local\" ]]; then\n  source \"$PODS_ROOT/../.xcode.env.local\"\nfi\n\n`\"$NODE_BINARY\" --print \"require('path').dirname(require.resolve('react-native/package.json')) + '/scripts/react-native-xcode.sh'\"`\n\n";
		};
		08A4A3CD28434E44B6B9DE2E /* [CP] Check Pods Manifest.lock */ = {
			isa = PBXShellScriptBuildPhase;
			buildActionMask = 2147483647;
			files = (
			);
			inputFileListPaths = (
			);
			inputPaths = (
				"${PODS_PODFILE_DIR_PATH}/Podfile.lock",
				"${PODS_ROOT}/Manifest.lock",
			);
			name = "[CP] Check Pods Manifest.lock";
			outputFileListPaths = (
			);
			outputPaths = (
				"$(DERIVED_FILE_DIR)/Pods-TimeProgressTracker-checkManifestLockResult.txt",
			);
			runOnlyForDeploymentPostprocessing = 0;
			shellPath = /bin/sh;
			shellScript = "diff \"${PODS_PODFILE_DIR_PATH}/Podfile.lock\" \"${PODS_ROOT}/Manifest.lock\" > /dev/null\nif [ $? != 0 ] ; then\n    # print error to STDERR\n    echo \"error: The sandbox is not in sync with the Podfile.lock. Run 'pod install' or update your CocoaPods installation.\" >&2\n    exit 1\nfi\n# This output is used by Xcode 'outputs' to avoid re-running this script phase.\necho \"SUCCESS\" > \"${SCRIPT_OUTPUT_FILE_0}\"\n";
			showEnvVarsInLog = 0;
		};
		222ACC61A76C8690EFF843AB /* [Expo] Configure project */ = {
			isa = PBXShellScriptBuildPhase;
			alwaysOutOfDate = 1;
			buildActionMask = 2147483647;
			files = (
			);
			inputFileListPaths = (
			);
			inputPaths = (
				"$(SRCROOT)/.xcode.env",
				"$(SRCROOT)/.xcode.env.local",
				"$(SRCROOT)/TimeProgressTracker/TimeProgressTracker.entitlements",
				"$(SRCROOT)/Pods/Target Support Files/Pods-TimeProgressTracker/expo-configure-project.sh",
			);
			name = "[Expo] Configure project";
			outputFileListPaths = (
			);
			outputPaths = (
				"$(SRCROOT)/Pods/Target Support Files/Pods-TimeProgressTracker/ExpoModulesProvider.swift",
			);
			runOnlyForDeploymentPostprocessing = 0;
			shellPath = /bin/sh;
			shellScript = "# This script configures Expo modules and generates the modules provider file.\nbash -l -c \"./Pods/Target\\ Support\\ Files/Pods-TimeProgressTracker/expo-configure-project.sh\"\n";
		};
		505A43432F56C69692CA3711 /* [CP] Embed Pods Frameworks */ = {
			isa = PBXShellScriptBuildPhase;
			buildActionMask = 2147483647;
			files = (
			);
			inputPaths = (
				"${PODS_ROOT}/Target Support Files/Pods-TimeProgressTracker/Pods-TimeProgressTracker-frameworks.sh",
				"${PODS_XCFRAMEWORKS_BUILD_DIR}/React-Core-prebuilt/React.framework/React",
				"${PODS_XCFRAMEWORKS_BUILD_DIR}/ReactNativeDependencies/ReactNativeDependencies.framework/ReactNativeDependencies",
				"${PODS_XCFRAMEWORKS_BUILD_DIR}/hermes-engine/Pre-built/hermes.framework/hermes",
			);
			name = "[CP] Embed Pods Frameworks";
			outputPaths = (
				"${TARGET_BUILD_DIR}/${FRAMEWORKS_FOLDER_PATH}/React.framework",
				"${TARGET_BUILD_DIR}/${FRAMEWORKS_FOLDER_PATH}/ReactNativeDependencies.framework",
				"${TARGET_BUILD_DIR}/${FRAMEWORKS_FOLDER_PATH}/hermes.framework",
			);
			runOnlyForDeploymentPostprocessing = 0;
			shellPath = /bin/sh;
			shellScript = "\"${PODS_ROOT}/Target Support Files/Pods-TimeProgressTracker/Pods-TimeProgressTracker-frameworks.sh\"\n";
			showEnvVarsInLog = 0;
		};
		800E24972A6A228C8D4807E9 /* [CP] Copy Pods Resources */ = {
			isa = PBXShellScriptBuildPhase;
			buildActionMask = 2147483647;
			files = (
			);
			inputPaths = (
				"${PODS_ROOT}/Target Support Files/Pods-TimeProgressTracker/Pods-TimeProgressTracker-resources.sh",
				"${PODS_CONFIGURATION_BUILD_DIR}/EXApplication/ExpoApplication_privacy.bundle",
				"${PODS_CONFIGURATION_BUILD_DIR}/EXConstants/EXConstants.bundle",
				"${PODS_CONFIGURATION_BUILD_DIR}/EXConstants/ExpoConstants_privacy.bundle",
				"${PODS_CONFIGURATION_BUILD_DIR}/EXNotifications/ExpoNotifications_privacy.bundle",
				"${PODS_CONFIGURATION_BUILD_DIR}/EXUpdates/EXUpdates.bundle",
				"${PODS_CONFIGURATION_BUILD_DIR}/ExpoDevice/ExpoDevice_privacy.bundle",
				"${PODS_CONFIGURATION_BUILD_DIR}/ExpoFileSystem/ExpoFileSystem_privacy.bundle",
				"${PODS_CONFIGURATION_BUILD_DIR}/ExpoSystemUI/ExpoSystemUI_privacy.bundle",
				"${PODS_CONFIGURATION_BUILD_DIR}/RNCAsyncStorage/RNCAsyncStorage_resources.bundle",
				"${PODS_CONFIGURATION_BUILD_DIR}/RNSVG/RNSVGFilters.bundle",
				"${PODS_CONFIGURATION_BUILD_DIR}/ReachabilitySwift/ReachabilitySwift.bundle",
				"${PODS_CONFIGURATION_BUILD_DIR}/React-Core/React-Core_privacy.bundle",
				"${PODS_CONFIGURATION_BUILD_DIR}/React-cxxreact/React-cxxreact_privacy.bundle",
				"${PODS_CONFIGURATION_BUILD_DIR}/SDWebImage/SDWebImage.bundle",
				"${PODS_CONFIGURATION_BUILD_DIR}/expo-dev-launcher/EXDevLauncher.bundle",
				"${PODS_CONFIGURATION_BUILD_DIR}/expo-dev-menu/EXDevMenu.bundle",
			);
			name = "[CP] Copy Pods Resources";
			outputPaths = (
				"${TARGET_BUILD_DIR}/${UNLOCALIZED_RESOURCES_FOLDER_PATH}/ExpoApplication_privacy.bundle",
				"${TARGET_BUILD_DIR}/${UNLOCALIZED_RESOURCES_FOLDER_PATH}/EXConstants.bundle",
				"${TARGET_BUILD_DIR}/${UNLOCALIZED_RESOURCES_FOLDER_PATH}/ExpoConstants_privacy.bundle",
				"${TARGET_BUILD_DIR}/${UNLOCALIZED_RESOURCES_FOLDER_PATH}/ExpoNotifications_privacy.bundle",
				"${TARGET_BUILD_DIR}/${UNLOCALIZED_RESOURCES_FOLDER_PATH}/EXUpdates.bundle",
				"${TARGET_BUILD_DIR}/${UNLOCALIZED_RESOURCES_FOLDER_PATH}/ExpoDevice_privacy.bundle",
				"${TARGET_BUILD_DIR}/${UNLOCALIZED_RESOURCES_FOLDER_PATH}/ExpoFileSystem_privacy.bundle",
				"${TARGET_BUILD_DIR}/${UNLOCALIZED_RESOURCES_FOLDER_PATH}/ExpoSystemUI_privacy.bundle",
				"${TARGET_BUILD_DIR}/${UNLOCALIZED_RESOURCES_FOLDER_PATH}/RNCAsyncStorage_resources.bundle",
				"${TARGET_BUILD_DIR}/${UNLOCALIZED_RESOURCES_FOLDER_PATH}/RNSVGFilters.bundle",
				"${TARGET_BUILD_DIR}/${UNLOCALIZED_RESOURCES_FOLDER_PATH}/ReachabilitySwift.bundle",
				"${TARGET_BUILD_DIR}/${UNLOCALIZED_RESOURCES_FOLDER_PATH}/React-Core_privacy.bundle",
				"${TARGET_BUILD_DIR}/${UNLOCALIZED_RESOURCES_FOLDER_PATH}/React-cxxreact_privacy.bundle",
				"${TARGET_BUILD_DIR}/${UNLOCALIZED_RESOURCES_FOLDER_PATH}/SDWebImage.bundle",
				"${TARGET_BUILD_DIR}/${UNLOCALIZED_RESOURCES_FOLDER_PATH}/EXDevLauncher.bundle",
				"${TARGET_BUILD_DIR}/${UNLOCALIZED_RESOURCES_FOLDER_PATH}/EXDevMenu.bundle",
			);
			runOnlyForDeploymentPostprocessing = 0;
			shellPath = /bin/sh;
			shellScript = "\"${PODS_ROOT}/Target Support Files/Pods-TimeProgressTracker/Pods-TimeProgressTracker-resources.sh\"\n";
			showEnvVarsInLog = 0;
		};
/* End PBXShellScriptBuildPhase section */

/* Begin PBXSourcesBuildPhase section */
		13B07F871A680F5B00A75B9A /* Sources */ = {
			isa = PBXSourcesBuildPhase;
			buildActionMask = 2147483647;
			files = (
				F11748422D0307B40044C1D9 /* AppDelegate.swift in Sources */,
				69F444863957225E8EF47CE3 /* ExpoModulesProvider.swift in Sources */,
				148D6DE1ED51918B5327ECEA /* TimeProgressApp.swift in Sources */,
				C687A93299959AD487552FB6 /* ContentView.swift in Sources */,
				0ECF2CA06D92D887E7ECDDB8 /* MainHomeView.swift in Sources */,
				B34BD3B98B4E7AF4398FA7FD /* SettingsView.swift in Sources */,
				1F5465377762A3FC9CE51953 /* OnboardingView.swift in Sources */,
				B4A978687A910B084BE58934 /* TimeCalculator.swift in Sources */,
				AE16AE9B92E205D091602468 /* CustomEvent.swift in Sources */,
				9F64348A38BE579216B33909 /* CustomEventTallyView.swift in Sources */,
				BC4D29E046A64DA78B19A6C4 /* FontHelper.swift in Sources */,
				479775CBEFB3D42855267D86 /* AppDelegate.swift in Sources */,
				2EF574CC1BE540761866E262 /* AnimatedHeaderView.swift in Sources */,
				CE4B06017728E891109E9D00 /* LoadingView.swift in Sources */,
				BE6861EB9C49AA057C137C7A /* AddCustomEventView.swift in Sources */,
			);
			runOnlyForDeploymentPostprocessing = 0;
		};
		7AA33B682EDC228500BC3033 /* Sources */ = {
			isa = PBXSourcesBuildPhase;
			buildActionMask = 2147483647;
			files = (
			);
			runOnlyForDeploymentPostprocessing = 0;
		};
/* End PBXSourcesBuildPhase section */

/* Begin PBXTargetDependency section */
		7AA33B802EDC228700BC3033 /* PBXTargetDependency */ = {
			isa = PBXTargetDependency;
			target = 7AA33B6B2EDC228500BC3033 /* TimeLeftTrackerWidgetExtension */;
			targetProxy = 7AA33B7F2EDC228700BC3033 /* PBXContainerItemProxy */;
		};
/* End PBXTargetDependency section */

/* Begin XCBuildConfiguration section */
		13B07F941A680F5B00A75B9A /* Debug */ = {
			isa = XCBuildConfiguration;
			baseConfigurationReference = 8EA92CED84812E25E4849609 /* Pods-TimeProgressTracker.debug.xcconfig */;
			buildSettings = {
				ASSETCATALOG_COMPILER_APPICON_NAME = AppIcon;
				CLANG_ENABLE_MODULES = YES;
				CODE_SIGN_ENTITLEMENTS = TimeProgressTracker/TimeProgressTracker.entitlements;
				CURRENT_PROJECT_VERSION = 1;
				DEVELOPMENT_TEAM = P284X6775D;
				ENABLE_BITCODE = NO;
				GCC_PREPROCESSOR_DEFINITIONS = (
					"$(inherited)",
					"FB_SONARKIT_ENABLED=1",
				);
				INFOPLIST_FILE = TimeProgressTracker/Info.plist;
				INFOPLIST_KEY_CFBundleDisplayName = "Days counter";
				INFOPLIST_KEY_LSApplicationCategoryType = "public.app-category.productivity";
				IPHONEOS_DEPLOYMENT_TARGET = 15.1;
				LD_RUNPATH_SEARCH_PATHS = (
					"$(inherited)",
					"@executable_path/Frameworks",
				);
				MARKETING_VERSION = 1.0;
				OTHER_LDFLAGS = (
					"$(inherited)",
					"-ObjC",
					"-lc++",
				);
				OTHER_SWIFT_FLAGS = "$(inherited) -D EXPO_CONFIGURATION_DEBUG";
				PRODUCT_BUNDLE_IDENTIFIER = com.prabhakaran.timeprogresstracker;
				PRODUCT_NAME = TimeProgressTracker;
				SWIFT_OBJC_BRIDGING_HEADER = "TimeProgressTracker/TimeProgressTracker-Bridging-Header.h";
				SWIFT_OPTIMIZATION_LEVEL = "-Onone";
				SWIFT_VERSION = 5.0;
				TARGETED_DEVICE_FAMILY = "1,2";
				VERSIONING_SYSTEM = "apple-generic";
			};
			name = Debug;
		};
		13B07F951A680F5B00A75B9A /* Release */ = {
			isa = XCBuildConfiguration;
			baseConfigurationReference = 6A959DA4F199F0879DB17A8B /* Pods-TimeProgressTracker.release.xcconfig */;
			buildSettings = {
				ASSETCATALOG_COMPILER_APPICON_NAME = AppIcon;
				CLANG_ENABLE_MODULES = YES;
				CODE_SIGN_ENTITLEMENTS = TimeProgressTracker/TimeProgressTracker.entitlements;
				CURRENT_PROJECT_VERSION = 1;
				DEBUG_INFORMATION_FORMAT = "dwarf-with-dsym";
				DEVELOPMENT_TEAM = P284X6775D;
				INFOPLIST_FILE = TimeProgressTracker/Info.plist;
				INFOPLIST_KEY_CFBundleDisplayName = "Days counter";
				INFOPLIST_KEY_LSApplicationCategoryType = "public.app-category.productivity";
				IPHONEOS_DEPLOYMENT_TARGET = 15.1;
				LD_RUNPATH_SEARCH_PATHS = (
					"$(inherited)",
					"@executable_path/Frameworks",
				);
				MARKETING_VERSION = 1.0;
				OTHER_LDFLAGS = (
					"$(inherited)",
					"-ObjC",
					"-lc++",
				);
				OTHER_SWIFT_FLAGS = "$(inherited) -D EXPO_CONFIGURATION_RELEASE";
				PRODUCT_BUNDLE_IDENTIFIER = com.prabhakaran.timeprogresstracker;
				PRODUCT_NAME = TimeProgressTracker;
				SWIFT_OBJC_BRIDGING_HEADER = "TimeProgressTracker/TimeProgressTracker-Bridging-Header.h";
				SWIFT_VERSION = 5.0;
				TARGETED_DEVICE_FAMILY = "1,2";
				VERSIONING_SYSTEM = "apple-generic";
			};
			name = Release;
		};
		7AA33B832EDC228700BC3033 /* Debug */ = {
			isa = XCBuildConfiguration;
			buildSettings = {
				ASSETCATALOG_COMPILER_GENERATE_SWIFT_ASSET_SYMBOL_EXTENSIONS = YES;
				ASSETCATALOG_COMPILER_GLOBAL_ACCENT_COLOR_NAME = AccentColor;
				ASSETCATALOG_COMPILER_WIDGET_BACKGROUND_COLOR_NAME = WidgetBackground;
				CLANG_ANALYZER_NONNULL = YES;
				CLANG_ANALYZER_NUMBER_OBJECT_CONVERSION = YES_AGGRESSIVE;
				CLANG_CXX_LANGUAGE_STANDARD = "gnu++20";
				CLANG_ENABLE_OBJC_WEAK = YES;
				CLANG_WARN_DOCUMENTATION_COMMENTS = YES;
				CLANG_WARN_QUOTED_INCLUDE_IN_FRAMEWORK_HEADER = YES;
				CLANG_WARN_UNGUARDED_AVAILABILITY = YES_AGGRESSIVE;
				CODE_SIGN_ENTITLEMENTS = TimeLeftTrackerWidgetExtension.entitlements;
				CODE_SIGN_STYLE = Automatic;
				CURRENT_PROJECT_VERSION = 1;
				DEBUG_INFORMATION_FORMAT = dwarf;
				DEVELOPMENT_TEAM = P284X6775D;
				ENABLE_USER_SCRIPT_SANDBOXING = YES;
				GCC_C_LANGUAGE_STANDARD = gnu17;
				GENERATE_INFOPLIST_FILE = YES;
				INFOPLIST_FILE = TimeLeftTrackerWidget/Info.plist;
				INFOPLIST_KEY_CFBundleDisplayName = "Days counter";
				INFOPLIST_KEY_NSHumanReadableCopyright = "";
				IPHONEOS_DEPLOYMENT_TARGET = 18.5;
				LD_RUNPATH_SEARCH_PATHS = (
					"$(inherited)",
					"@executable_path/Frameworks",
					"@executable_path/../../Frameworks",
				);
				LOCALIZATION_PREFERS_STRING_CATALOGS = YES;
				MARKETING_VERSION = 1.0;
				MTL_ENABLE_DEBUG_INFO = INCLUDE_SOURCE;
				MTL_FAST_MATH = YES;
				PRODUCT_BUNDLE_IDENTIFIER = com.prabhakaran.timeprogresstracker.TimeLeftTrackerWidget;
				PRODUCT_NAME = "$(TARGET_NAME)";
				SKIP_INSTALL = YES;
				SWIFT_ACTIVE_COMPILATION_CONDITIONS = "DEBUG $(inherited)";
				SWIFT_EMIT_LOC_STRINGS = YES;
				SWIFT_OPTIMIZATION_LEVEL = "-Onone";
				SWIFT_VERSION = 5.0;
				TARGETED_DEVICE_FAMILY = "1,2";
			};
			name = Debug;
		};
		7AA33B842EDC228700BC3033 /* Release */ = {
			isa = XCBuildConfiguration;
			buildSettings = {
				ASSETCATALOG_COMPILER_GENERATE_SWIFT_ASSET_SYMBOL_EXTENSIONS = YES;
				ASSETCATALOG_COMPILER_GLOBAL_ACCENT_COLOR_NAME = AccentColor;
				ASSETCATALOG_COMPILER_WIDGET_BACKGROUND_COLOR_NAME = WidgetBackground;
				CLANG_ANALYZER_NONNULL = YES;
				CLANG_ANALYZER_NUMBER_OBJECT_CONVERSION = YES_AGGRESSIVE;
				CLANG_CXX_LANGUAGE_STANDARD = "gnu++20";
				CLANG_ENABLE_OBJC_WEAK = YES;
				CLANG_WARN_DOCUMENTATION_COMMENTS = YES;
				CLANG_WARN_QUOTED_INCLUDE_IN_FRAMEWORK_HEADER = YES;
				CLANG_WARN_UNGUARDED_AVAILABILITY = YES_AGGRESSIVE;
				CODE_SIGN_ENTITLEMENTS = TimeLeftTrackerWidgetExtension.entitlements;
				CODE_SIGN_STYLE = Automatic;
				COPY_PHASE_STRIP = NO;
				CURRENT_PROJECT_VERSION = 1;
				DEVELOPMENT_TEAM = P284X6775D;
				ENABLE_USER_SCRIPT_SANDBOXING = YES;
				GCC_C_LANGUAGE_STANDARD = gnu17;
				GENERATE_INFOPLIST_FILE = YES;
				INFOPLIST_FILE = TimeLeftTrackerWidget/Info.plist;
				INFOPLIST_KEY_CFBundleDisplayName = "Days counter";
				INFOPLIST_KEY_NSHumanReadableCopyright = "";
				IPHONEOS_DEPLOYMENT_TARGET = 18.5;
				LD_RUNPATH_SEARCH_PATHS = (
					"$(inherited)",
					"@executable_path/Frameworks",
					"@executable_path/../../Frameworks",
				);
				LOCALIZATION_PREFERS_STRING_CATALOGS = YES;
				MARKETING_VERSION = 1.0;
				MTL_FAST_MATH = YES;
				PRODUCT_BUNDLE_IDENTIFIER = com.prabhakaran.timeprogresstracker.TimeLeftTrackerWidget;
				PRODUCT_NAME = "$(TARGET_NAME)";
				SKIP_INSTALL = YES;
				SWIFT_COMPILATION_MODE = wholemodule;
				SWIFT_EMIT_LOC_STRINGS = YES;
				SWIFT_VERSION = 5.0;
				TARGETED_DEVICE_FAMILY = "1,2";
			};
			name = Release;
		};
		83CBBA201A601CBA00E9B192 /* Debug */ = {
			isa = XCBuildConfiguration;
			buildSettings = {
				ALWAYS_SEARCH_USER_PATHS = NO;
				CLANG_ANALYZER_LOCALIZABILITY_NONLOCALIZED = YES;
				CLANG_CXX_LANGUAGE_STANDARD = "c++20";
				CLANG_CXX_LIBRARY = "libc++";
				CLANG_ENABLE_MODULES = YES;
				CLANG_ENABLE_OBJC_ARC = YES;
				CLANG_WARN_BLOCK_CAPTURE_AUTORELEASING = YES;
				CLANG_WARN_BOOL_CONVERSION = YES;
				CLANG_WARN_COMMA = YES;
				CLANG_WARN_CONSTANT_CONVERSION = YES;
				CLANG_WARN_DEPRECATED_OBJC_IMPLEMENTATIONS = YES;
				CLANG_WARN_DIRECT_OBJC_ISA_USAGE = YES_ERROR;
				CLANG_WARN_EMPTY_BODY = YES;
				CLANG_WARN_ENUM_CONVERSION = YES;
				CLANG_WARN_INFINITE_RECURSION = YES;
				CLANG_WARN_INT_CONVERSION = YES;
				CLANG_WARN_NON_LITERAL_NULL_CONVERSION = YES;
				CLANG_WARN_OBJC_IMPLICIT_RETAIN_SELF = YES;
				CLANG_WARN_OBJC_LITERAL_CONVERSION = YES;
				CLANG_WARN_OBJC_ROOT_CLASS = YES_ERROR;
				CLANG_WARN_RANGE_LOOP_ANALYSIS = YES;
				CLANG_WARN_STRICT_PROTOTYPES = YES;
				CLANG_WARN_SUSPICIOUS_MOVE = YES;
				CLANG_WARN_UNREACHABLE_CODE = YES;
				CLANG_WARN__DUPLICATE_METHOD_MATCH = YES;
				"CODE_SIGN_IDENTITY[sdk=iphoneos*]" = "iPhone Developer";
				COPY_PHASE_STRIP = NO;
				ENABLE_STRICT_OBJC_MSGSEND = YES;
				ENABLE_TESTABILITY = YES;
				GCC_C_LANGUAGE_STANDARD = gnu99;
				GCC_DYNAMIC_NO_PIC = NO;
				GCC_NO_COMMON_BLOCKS = YES;
				GCC_OPTIMIZATION_LEVEL = 0;
				GCC_PREPROCESSOR_DEFINITIONS = (
					"DEBUG=1",
					"$(inherited)",
				);
				GCC_SYMBOLS_PRIVATE_EXTERN = NO;
				GCC_WARN_64_TO_32_BIT_CONVERSION = YES;
				GCC_WARN_ABOUT_RETURN_TYPE = YES_ERROR;
				GCC_WARN_UNDECLARED_SELECTOR = YES;
				GCC_WARN_UNINITIALIZED_AUTOS = YES_AGGRESSIVE;
				GCC_WARN_UNUSED_FUNCTION = YES;
				GCC_WARN_UNUSED_VARIABLE = YES;
				IPHONEOS_DEPLOYMENT_TARGET = 15.1;
				LD_RUNPATH_SEARCH_PATHS = (
					/usr/lib/swift,
					"$(inherited)",
				);
				LIBRARY_SEARCH_PATHS = "$(SDKROOT)/usr/lib/swift\"$(inherited)\"";
				MTL_ENABLE_DEBUG_INFO = YES;
				ONLY_ACTIVE_ARCH = YES;
				REACT_NATIVE_PATH = "${PODS_ROOT}/../../node_modules/react-native";
				SDKROOT = iphoneos;
				SWIFT_ACTIVE_COMPILATION_CONDITIONS = "$(inherited) DEBUG";
				SWIFT_ENABLE_EXPLICIT_MODULES = NO;
				USE_HERMES = true;
			};
			name = Debug;
		};
		83CBBA211A601CBA00E9B192 /* Release */ = {
			isa = XCBuildConfiguration;
			buildSettings = {
				ALWAYS_SEARCH_USER_PATHS = NO;
				CLANG_ANALYZER_LOCALIZABILITY_NONLOCALIZED = YES;
				CLANG_CXX_LANGUAGE_STANDARD = "c++20";
				CLANG_CXX_LIBRARY = "libc++";
				CLANG_ENABLE_MODULES = YES;
				CLANG_ENABLE_OBJC_ARC = YES;
				CLANG_WARN_BLOCK_CAPTURE_AUTORELEASING = YES;
				CLANG_WARN_BOOL_CONVERSION = YES;
				CLANG_WARN_COMMA = YES;
				CLANG_WARN_CONSTANT_CONVERSION = YES;
				CLANG_WARN_DEPRECATED_OBJC_IMPLEMENTATIONS = YES;
				CLANG_WARN_DIRECT_OBJC_ISA_USAGE = YES_ERROR;
				CLANG_WARN_EMPTY_BODY = YES;
				CLANG_WARN_ENUM_CONVERSION = YES;
				CLANG_WARN_INFINITE_RECURSION = YES;
				CLANG_WARN_INT_CONVERSION = YES;
				CLANG_WARN_NON_LITERAL_NULL_CONVERSION = YES;
				CLANG_WARN_OBJC_IMPLICIT_RETAIN_SELF = YES;
				CLANG_WARN_OBJC_LITERAL_CONVERSION = YES;
				CLANG_WARN_OBJC_ROOT_CLASS = YES_ERROR;
				CLANG_WARN_RANGE_LOOP_ANALYSIS = YES;
				CLANG_WARN_STRICT_PROTOTYPES = YES;
				CLANG_WARN_SUSPICIOUS_MOVE = YES;
				CLANG_WARN_UNREACHABLE_CODE = YES;
				CLANG_WARN__DUPLICATE_METHOD_MATCH = YES;
				"CODE_SIGN_IDENTITY[sdk=iphoneos*]" = "iPhone Developer";
				COPY_PHASE_STRIP = YES;
				DEBUG_INFORMATION_FORMAT = "dwarf-with-dsym";
				ENABLE_NS_ASSERTIONS = NO;
				ENABLE_STRICT_OBJC_MSGSEND = YES;
				GCC_C_LANGUAGE_STANDARD = gnu99;
				GCC_NO_COMMON_BLOCKS = YES;
				GCC_WARN_64_TO_32_BIT_CONVERSION = YES;
				GCC_WARN_ABOUT_RETURN_TYPE = YES_ERROR;
				GCC_WARN_UNDECLARED_SELECTOR = YES;
				GCC_WARN_UNINITIALIZED_AUTOS = YES_AGGRESSIVE;
				GCC_WARN_UNUSED_FUNCTION = YES;
				GCC_WARN_UNUSED_VARIABLE = YES;
				IPHONEOS_DEPLOYMENT_TARGET = 15.1;
				LD_RUNPATH_SEARCH_PATHS = (
					/usr/lib/swift,
					"$(inherited)",
				);
				LIBRARY_SEARCH_PATHS = "$(SDKROOT)/usr/lib/swift\"$(inherited)\"";
				MTL_ENABLE_DEBUG_INFO = NO;
				REACT_NATIVE_PATH = "${PODS_ROOT}/../../node_modules/react-native";
				SDKROOT = iphoneos;
				SWIFT_ENABLE_EXPLICIT_MODULES = NO;
				USE_HERMES = true;
				VALIDATE_PRODUCT = YES;
			};
			name = Release;
		};
/* End XCBuildConfiguration section */

/* Begin XCConfigurationList section */
		13B07F931A680F5B00A75B9A /* Build configuration list for PBXNativeTarget "TimeProgressTracker" */ = {
			isa = XCConfigurationList;
			buildConfigurations = (
				13B07F941A680F5B00A75B9A /* Debug */,
				13B07F951A680F5B00A75B9A /* Release */,
			);
			defaultConfigurationIsVisible = 0;
			defaultConfigurationName = Release;
		};
		7AA33B862EDC228700BC3033 /* Build configuration list for PBXNativeTarget "TimeLeftTrackerWidgetExtension" */ = {
			isa = XCConfigurationList;
			buildConfigurations = (
				7AA33B832EDC228700BC3033 /* Debug */,
				7AA33B842EDC228700BC3033 /* Release */,
			);
			defaultConfigurationIsVisible = 0;
			defaultConfigurationName = Release;
		};
		83CBB9FA1A601CBA00E9B192 /* Build configuration list for PBXProject "TimeProgressTracker" */ = {
			isa = XCConfigurationList;
			buildConfigurations = (
				83CBBA201A601CBA00E9B192 /* Debug */,
				83CBBA211A601CBA00E9B192 /* Release */,
			);
			defaultConfigurationIsVisible = 0;
			defaultConfigurationName = Release;
		};
/* End XCConfigurationList section */
	};
	rootObject = 83CBB9F71A601CBA00E9B192 /* Project object */;
}
